// !$*UTF8*$!
{
	archiveVersion = 1;
	classes = {
	};
	objectVersion = 51;
	objects = {

/* Begin PBXBuildFile section */
		13057AEECA322C8B9792F181 /* Pods_Infosys_MachineTest_Infosys_MachineTestTests.framework in Frameworks */ = {isa = PBXBuildFile; fileRef = FDB13833E52F57A86856F870 /* Pods_Infosys_MachineTest_Infosys_MachineTestTests.framework */; };
		DDD45A5B24D9F4CF0022F174 /* AppDelegate.swift in Sources */ = {isa = PBXBuildFile; fileRef = DDD45A5A24D9F4CF0022F174 /* AppDelegate.swift */; };
		DDD45A5D24D9F4CF0022F174 /* SceneDelegate.swift in Sources */ = {isa = PBXBuildFile; fileRef = DDD45A5C24D9F4CF0022F174 /* SceneDelegate.swift */; };
		DDD45A5F24D9F4CF0022F174 /* ViewController.swift in Sources */ = {isa = PBXBuildFile; fileRef = DDD45A5E24D9F4CF0022F174 /* ViewController.swift */; };
		DDD45A6424D9F4D20022F174 /* Assets.xcassets in Resources */ = {isa = PBXBuildFile; fileRef = DDD45A6324D9F4D20022F174 /* Assets.xcassets */; };
		DDD45A6724D9F4D20022F174 /* LaunchScreen.storyboard in Resources */ = {isa = PBXBuildFile; fileRef = DDD45A6524D9F4D20022F174 /* LaunchScreen.storyboard */; };
		DDD45A7224D9F4D20022F174 /* MahindraTestTests.swift in Sources */ = {isa = PBXBuildFile; fileRef = DDD45A7124D9F4D20022F174 /* MahindraTestTests.swift */; };
		DDD45A7D24D9F4D20022F174 /* MahindraTestUITests.swift in Sources */ = {isa = PBXBuildFile; fileRef = DDD45A7C24D9F4D20022F174 /* MahindraTestUITests.swift */; };
		DDD45A8C24D9F7A30022F174 /* Extension.swift in Sources */ = {isa = PBXBuildFile; fileRef = DDD45A8B24D9F7A30022F174 /* Extension.swift */; };
		DDD45A8E24D9F83A0022F174 /* HTTPUtility.swift in Sources */ = {isa = PBXBuildFile; fileRef = DDD45A8D24D9F83A0022F174 /* HTTPUtility.swift */; };
		DDD45A9024D9F8640022F174 /* Reachability.swift in Sources */ = {isa = PBXBuildFile; fileRef = DDD45A8F24D9F8640022F174 /* Reachability.swift */; };
		DDD45A9424D9F9A70022F174 /* WebItems.swift in Sources */ = {isa = PBXBuildFile; fileRef = DDD45A9324D9F9A70022F174 /* WebItems.swift */; };
		DDD45A9724D9FAA10022F174 /* ViewModel.swift in Sources */ = {isa = PBXBuildFile; fileRef = DDD45A9624D9FAA10022F174 /* ViewModel.swift */; };
		DDD45A9A24D9FBAE0022F174 /* Constant.swift in Sources */ = {isa = PBXBuildFile; fileRef = DDD45A9924D9FBAE0022F174 /* Constant.swift */; };
		DDD45A9C24D9FBEE0022F174 /* Common.swift in Sources */ = {isa = PBXBuildFile; fileRef = DDD45A9B24D9FBEE0022F174 /* Common.swift */; };
		DDD45A9E24D9FC2B0022F174 /* Activity.swift in Sources */ = {isa = PBXBuildFile; fileRef = DDD45A9D24D9FC2B0022F174 /* Activity.swift */; };
		DDD45AA024D9FD980022F174 /* TableViewCell.swift in Sources */ = {isa = PBXBuildFile; fileRef = DDD45A9F24D9FD970022F174 /* TableViewCell.swift */; };
		E942FFB64F3AEF2C9CD8DE49 /* Pods_Infosys_MachineTest_Infosys_MachineTestUITests.framework in Frameworks */ = {isa = PBXBuildFile; fileRef = 05F0F70FA9609A526FC3B292 /* Pods_Infosys_MachineTest_Infosys_MachineTestUITests.framework */; };
		EDD2C0B9F3903218B4131969 /* Pods_Infosys_MachineTest.framework in Frameworks */ = {isa = PBXBuildFile; fileRef = A0435F2E878FB91883F8D800 /* Pods_Infosys_MachineTest.framework */; };
/* End PBXBuildFile section */

/* Begin PBXContainerItemProxy section */
		DDD45A6E24D9F4D20022F174 /* PBXContainerItemProxy */ = {
			isa = PBXContainerItemProxy;
			containerPortal = DDD45A4F24D9F4CF0022F174 /* Project object */;
			proxyType = 1;
			remoteGlobalIDString = DDD45A5624D9F4CF0022F174;
			remoteInfo = "Infosys-MachineTest";
		};
		DDD45A7924D9F4D20022F174 /* PBXContainerItemProxy */ = {
			isa = PBXContainerItemProxy;
			containerPortal = DDD45A4F24D9F4CF0022F174 /* Project object */;
			proxyType = 1;
			remoteGlobalIDString = DDD45A5624D9F4CF0022F174;
			remoteInfo = "Infosys-MachineTest";
		};
/* End PBXContainerItemProxy section */

/* Begin PBXFileReference section */
		05F0F70FA9609A526FC3B292 /* Pods_Infosys_MachineTest_Infosys_MachineTestUITests.framework */ = {isa = PBXFileReference; explicitFileType = wrapper.framework; includeInIndex = 0; path = Pods_Infosys_MachineTest_Infosys_MachineTestUITests.framework; sourceTree = BUILT_PRODUCTS_DIR; };
		0B62BFB7B5038FABCB8FEC6B /* Pods-Infosys-MachineTest.debug.xcconfig */ = {isa = PBXFileReference; includeInIndex = 1; lastKnownFileType = text.xcconfig; name = "Pods-Infosys-MachineTest.debug.xcconfig"; path = "Target Support Files/Pods-Infosys-MachineTest/Pods-Infosys-MachineTest.debug.xcconfig"; sourceTree = "<group>"; };
		248E0579ADEC46F921422B48 /* Pods-Infosys-MachineTest-Infosys-MachineTestUITests.debug.xcconfig */ = {isa = PBXFileReference; includeInIndex = 1; lastKnownFileType = text.xcconfig; name = "Pods-Infosys-MachineTest-Infosys-MachineTestUITests.debug.xcconfig"; path = "Target Support Files/Pods-Infosys-MachineTest-Infosys-MachineTestUITests/Pods-Infosys-MachineTest-Infosys-MachineTestUITests.debug.xcconfig"; sourceTree = "<group>"; };
		43A81F14799D93D4EF715AA0 /* Pods-Infosys-MachineTest-Infosys-MachineTestTests.release.xcconfig */ = {isa = PBXFileReference; includeInIndex = 1; lastKnownFileType = text.xcconfig; name = "Pods-Infosys-MachineTest-Infosys-MachineTestTests.release.xcconfig"; path = "Target Support Files/Pods-Infosys-MachineTest-Infosys-MachineTestTests/Pods-Infosys-MachineTest-Infosys-MachineTestTests.release.xcconfig"; sourceTree = "<group>"; };
		78F888FAA4C10A2AEA6E9F31 /* Pods-Infosys-MachineTest.release.xcconfig */ = {isa = PBXFileReference; includeInIndex = 1; lastKnownFileType = text.xcconfig; name = "Pods-Infosys-MachineTest.release.xcconfig"; path = "Target Support Files/Pods-Infosys-MachineTest/Pods-Infosys-MachineTest.release.xcconfig"; sourceTree = "<group>"; };
		A0435F2E878FB91883F8D800 /* Pods_Infosys_MachineTest.framework */ = {isa = PBXFileReference; explicitFileType = wrapper.framework; includeInIndex = 0; path = Pods_Infosys_MachineTest.framework; sourceTree = BUILT_PRODUCTS_DIR; };
		A6E5BD477706F4C3C4AD60EC /* Pods-Infosys-MachineTest-Infosys-MachineTestUITests.release.xcconfig */ = {isa = PBXFileReference; includeInIndex = 1; lastKnownFileType = text.xcconfig; name = "Pods-Infosys-MachineTest-Infosys-MachineTestUITests.release.xcconfig"; path = "Target Support Files/Pods-Infosys-MachineTest-Infosys-MachineTestUITests/Pods-Infosys-MachineTest-Infosys-MachineTestUITests.release.xcconfig"; sourceTree = "<group>"; };
		DDD45A5724D9F4CF0022F174 /* MahindraTest.app */ = {isa = PBXFileReference; explicitFileType = wrapper.application; includeInIndex = 0; path = MahindraTest.app; sourceTree = BUILT_PRODUCTS_DIR; };
		DDD45A5A24D9F4CF0022F174 /* AppDelegate.swift */ = {isa = PBXFileReference; lastKnownFileType = sourcecode.swift; path = AppDelegate.swift; sourceTree = "<group>"; };
		DDD45A5C24D9F4CF0022F174 /* SceneDelegate.swift */ = {isa = PBXFileReference; lastKnownFileType = sourcecode.swift; path = SceneDelegate.swift; sourceTree = "<group>"; };
		DDD45A5E24D9F4CF0022F174 /* ViewController.swift */ = {isa = PBXFileReference; lastKnownFileType = sourcecode.swift; path = ViewController.swift; sourceTree = "<group>"; };
		DDD45A6324D9F4D20022F174 /* Assets.xcassets */ = {isa = PBXFileReference; lastKnownFileType = folder.assetcatalog; path = Assets.xcassets; sourceTree = "<group>"; };
		DDD45A6624D9F4D20022F174 /* Base */ = {isa = PBXFileReference; lastKnownFileType = file.storyboard; name = Base; path = Base.lproj/LaunchScreen.storyboard; sourceTree = "<group>"; };
		DDD45A6824D9F4D20022F174 /* Info.plist */ = {isa = PBXFileReference; lastKnownFileType = text.plist.xml; path = Info.plist; sourceTree = "<group>"; };
		DDD45A6D24D9F4D20022F174 /* MahindraTestTests.xctest */ = {isa = PBXFileReference; explicitFileType = wrapper.cfbundle; includeInIndex = 0; path = MahindraTestTests.xctest; sourceTree = BUILT_PRODUCTS_DIR; };
		DDD45A7124D9F4D20022F174 /* MahindraTestTests.swift */ = {isa = PBXFileReference; lastKnownFileType = sourcecode.swift; path = MahindraTestTests.swift; sourceTree = "<group>"; };
		DDD45A7324D9F4D20022F174 /* Info.plist */ = {isa = PBXFileReference; lastKnownFileType = text.plist.xml; path = Info.plist; sourceTree = "<group>"; };
		DDD45A7824D9F4D20022F174 /* MahindraTestUITests.xctest */ = {isa = PBXFileReference; explicitFileType = wrapper.cfbundle; includeInIndex = 0; path = MahindraTestUITests.xctest; sourceTree = BUILT_PRODUCTS_DIR; };
		DDD45A7C24D9F4D20022F174 /* MahindraTestUITests.swift */ = {isa = PBXFileReference; lastKnownFileType = sourcecode.swift; path = MahindraTestUITests.swift; sourceTree = "<group>"; };
		DDD45A7E24D9F4D20022F174 /* Info.plist */ = {isa = PBXFileReference; lastKnownFileType = text.plist.xml; path = Info.plist; sourceTree = "<group>"; };
		DDD45A8B24D9F7A30022F174 /* Extension.swift */ = {isa = PBXFileReference; lastKnownFileType = sourcecode.swift; path = Extension.swift; sourceTree = "<group>"; };
		DDD45A8D24D9F83A0022F174 /* HTTPUtility.swift */ = {isa = PBXFileReference; lastKnownFileType = sourcecode.swift; path = HTTPUtility.swift; sourceTree = "<group>"; };
		DDD45A8F24D9F8640022F174 /* Reachability.swift */ = {isa = PBXFileReference; lastKnownFileType = sourcecode.swift; path = Reachability.swift; sourceTree = "<group>"; };
		DDD45A9324D9F9A70022F174 /* WebItems.swift */ = {isa = PBXFileReference; lastKnownFileType = sourcecode.swift; path = WebItems.swift; sourceTree = "<group>"; };
		DDD45A9624D9FAA10022F174 /* ViewModel.swift */ = {isa = PBXFileReference; lastKnownFileType = sourcecode.swift; path = ViewModel.swift; sourceTree = "<group>"; };
		DDD45A9924D9FBAE0022F174 /* Constant.swift */ = {isa = PBXFileReference; lastKnownFileType = sourcecode.swift; path = Constant.swift; sourceTree = "<group>"; };
		DDD45A9B24D9FBEE0022F174 /* Common.swift */ = {isa = PBXFileReference; lastKnownFileType = sourcecode.swift; path = Common.swift; sourceTree = "<group>"; };
		DDD45A9D24D9FC2B0022F174 /* Activity.swift */ = {isa = PBXFileReference; lastKnownFileType = sourcecode.swift; path = Activity.swift; sourceTree = "<group>"; };
		DDD45A9F24D9FD970022F174 /* TableViewCell.swift */ = {isa = PBXFileReference; lastKnownFileType = sourcecode.swift; path = TableViewCell.swift; sourceTree = "<group>"; };
		F176E53A51D89682B7A1E58B /* Pods-Infosys-MachineTest-Infosys-MachineTestTests.debug.xcconfig */ = {isa = PBXFileReference; includeInIndex = 1; lastKnownFileType = text.xcconfig; name = "Pods-Infosys-MachineTest-Infosys-MachineTestTests.debug.xcconfig"; path = "Target Support Files/Pods-Infosys-MachineTest-Infosys-MachineTestTests/Pods-Infosys-MachineTest-Infosys-MachineTestTests.debug.xcconfig"; sourceTree = "<group>"; };
		FDB13833E52F57A86856F870 /* Pods_Infosys_MachineTest_Infosys_MachineTestTests.framework */ = {isa = PBXFileReference; explicitFileType = wrapper.framework; includeInIndex = 0; path = Pods_Infosys_MachineTest_Infosys_MachineTestTests.framework; sourceTree = BUILT_PRODUCTS_DIR; };
/* End PBXFileReference section */

/* Begin PBXFrameworksBuildPhase section */
		DDD45A5424D9F4CF0022F174 /* Frameworks */ = {
			isa = PBXFrameworksBuildPhase;
			buildActionMask = 2147483647;
			files = (
				EDD2C0B9F3903218B4131969 /* Pods_Infosys_MachineTest.framework in Frameworks */,
			);
			runOnlyForDeploymentPostprocessing = 0;
		};
		DDD45A6A24D9F4D20022F174 /* Frameworks */ = {
			isa = PBXFrameworksBuildPhase;
			buildActionMask = 2147483647;
			files = (
				13057AEECA322C8B9792F181 /* Pods_Infosys_MachineTest_Infosys_MachineTestTests.framework in Frameworks */,
			);
			runOnlyForDeploymentPostprocessing = 0;
		};
		DDD45A7524D9F4D20022F174 /* Frameworks */ = {
			isa = PBXFrameworksBuildPhase;
			buildActionMask = 2147483647;
			files = (
				E942FFB64F3AEF2C9CD8DE49 /* Pods_Infosys_MachineTest_Infosys_MachineTestUITests.framework in Frameworks */,
			);
			runOnlyForDeploymentPostprocessing = 0;
		};
/* End PBXFrameworksBuildPhase section */

/* Begin PBXGroup section */
		291BE4FB0C316D255CB8A9CD /* Pods */ = {
			isa = PBXGroup;
			children = (
				0B62BFB7B5038FABCB8FEC6B /* Pods-Infosys-MachineTest.debug.xcconfig */,
				78F888FAA4C10A2AEA6E9F31 /* Pods-Infosys-MachineTest.release.xcconfig */,
				F176E53A51D89682B7A1E58B /* Pods-Infosys-MachineTest-Infosys-MachineTestTests.debug.xcconfig */,
				43A81F14799D93D4EF715AA0 /* Pods-Infosys-MachineTest-Infosys-MachineTestTests.release.xcconfig */,
				248E0579ADEC46F921422B48 /* Pods-Infosys-MachineTest-Infosys-MachineTestUITests.debug.xcconfig */,
				A6E5BD477706F4C3C4AD60EC /* Pods-Infosys-MachineTest-Infosys-MachineTestUITests.release.xcconfig */,
			);
			path = Pods;
			sourceTree = "<group>";
		};
		4BD99074D078FF8C34D395C6 /* Frameworks */ = {
			isa = PBXGroup;
			children = (
				A0435F2E878FB91883F8D800 /* Pods_Infosys_MachineTest.framework */,
				FDB13833E52F57A86856F870 /* Pods_Infosys_MachineTest_Infosys_MachineTestTests.framework */,
				05F0F70FA9609A526FC3B292 /* Pods_Infosys_MachineTest_Infosys_MachineTestUITests.framework */,
			);
			name = Frameworks;
			sourceTree = "<group>";
		};
		DDD45A4E24D9F4CF0022F174 = {
			isa = PBXGroup;
			children = (
				DDD45A5924D9F4CF0022F174 /* MahindraTest */,
				DDD45A7024D9F4D20022F174 /* MahindraTestTests */,
				DDD45A7B24D9F4D20022F174 /* MahindraTestUITests */,
				DDD45A5824D9F4CF0022F174 /* Products */,
				291BE4FB0C316D255CB8A9CD /* Pods */,
				4BD99074D078FF8C34D395C6 /* Frameworks */,
			);
			sourceTree = "<group>";
		};
		DDD45A5824D9F4CF0022F174 /* Products */ = {
			isa = PBXGroup;
			children = (
				DDD45A5724D9F4CF0022F174 /* MahindraTest.app */,
				DDD45A6D24D9F4D20022F174 /* MahindraTestTests.xctest */,
				DDD45A7824D9F4D20022F174 /* MahindraTestUITests.xctest */,
			);
			name = Products;
			sourceTree = "<group>";
		};
		DDD45A5924D9F4CF0022F174 /* MahindraTest */ = {
			isa = PBXGroup;
			children = (
				DDD45A8B24D9F7A30022F174 /* Extension.swift */,
				DDD45A5A24D9F4CF0022F174 /* AppDelegate.swift */,
				DDD45A5C24D9F4CF0022F174 /* SceneDelegate.swift */,
				DDD45AA124DA00470022F174 /* View */,
				DDD45A9524D9FA510022F174 /* ViewModel */,
				DDD45A9224D9F92C0022F174 /* Model */,
				DDD45A8A24D9F6D90022F174 /* Networking */,
				DDD45A9824D9FB8A0022F174 /* Others */,
				DDD45A6324D9F4D20022F174 /* Assets.xcassets */,
				DDD45A6524D9F4D20022F174 /* LaunchScreen.storyboard */,
				DDD45A6824D9F4D20022F174 /* Info.plist */,
			);
			path = MahindraTest;
			sourceTree = "<group>";
		};
		DDD45A7024D9F4D20022F174 /* MahindraTestTests */ = {
			isa = PBXGroup;
			children = (
				DDD45A7124D9F4D20022F174 /* MahindraTestTests.swift */,
				DDD45A7324D9F4D20022F174 /* Info.plist */,
			);
			path = MahindraTestTests;
			sourceTree = "<group>";
		};
		DDD45A7B24D9F4D20022F174 /* MahindraTestUITests */ = {
			isa = PBXGroup;
			children = (
				DDD45A7C24D9F4D20022F174 /* MahindraTestUITests.swift */,
				DDD45A7E24D9F4D20022F174 /* Info.plist */,
			);
			path = MahindraTestUITests;
			sourceTree = "<group>";
		};
		DDD45A8A24D9F6D90022F174 /* Networking */ = {
			isa = PBXGroup;
			children = (
				DDD45A8F24D9F8640022F174 /* Reachability.swift */,
				DDD45A8D24D9F83A0022F174 /* HTTPUtility.swift */,
			);
			path = Networking;
			sourceTree = "<group>";
		};
		DDD45A9224D9F92C0022F174 /* Model */ = {
			isa = PBXGroup;
			children = (
				DDD45A9324D9F9A70022F174 /* WebItems.swift */,
			);
			path = Model;
			sourceTree = "<group>";
		};
		DDD45A9524D9FA510022F174 /* ViewModel */ = {
			isa = PBXGroup;
			children = (
				DDD45A9624D9FAA10022F174 /* ViewModel.swift */,
			);
			path = ViewModel;
			sourceTree = "<group>";
		};
		DDD45A9824D9FB8A0022F174 /* Others */ = {
			isa = PBXGroup;
			children = (
				DDD45A9D24D9FC2B0022F174 /* Activity.swift */,
				DDD45A9924D9FBAE0022F174 /* Constant.swift */,
				DDD45A9B24D9FBEE0022F174 /* Common.swift */,
			);
			path = Others;
			sourceTree = "<group>";
		};
		DDD45AA124DA00470022F174 /* View */ = {
			isa = PBXGroup;
			children = (
				DDD45A9F24D9FD970022F174 /* TableViewCell.swift */,
				DDD45A5E24D9F4CF0022F174 /* ViewController.swift */,
			);
			path = View;
			sourceTree = "<group>";
		};
/* End PBXGroup section */

/* Begin PBXNativeTarget section */
		DDD45A5624D9F4CF0022F174 /* MahindraTest */ = {
			isa = PBXNativeTarget;
			buildConfigurationList = DDD45A8124D9F4D20022F174 /* Build configuration list for PBXNativeTarget "MahindraTest" */;
			buildPhases = (
				86C5709FDAE089AE151AD1DD /* [CP] Check Pods Manifest.lock */,
				DDD45A5324D9F4CF0022F174 /* Sources */,
				DDD45A5424D9F4CF0022F174 /* Frameworks */,
				DDD45A5524D9F4CF0022F174 /* Resources */,
				0A8E4CF932E9EBA437D0E23A /* [CP] Embed Pods Frameworks */,
			);
			buildRules = (
			);
			dependencies = (
			);
			name = MahindraTest;
			productName = "Infosys-MachineTest";
			productReference = DDD45A5724D9F4CF0022F174 /* MahindraTest.app */;
			productType = "com.apple.product-type.application";
		};
		DDD45A6C24D9F4D20022F174 /* MahindraTestTests */ = {
			isa = PBXNativeTarget;
			buildConfigurationList = DDD45A8424D9F4D20022F174 /* Build configuration list for PBXNativeTarget "MahindraTestTests" */;
			buildPhases = (
				630B1FB6DD6F05D6D79B5F86 /* [CP] Check Pods Manifest.lock */,
				DDD45A6924D9F4D20022F174 /* Sources */,
				DDD45A6A24D9F4D20022F174 /* Frameworks */,
				DDD45A6B24D9F4D20022F174 /* Resources */,
				F7448C124AE1D7AE2631E6D0 /* [CP] Embed Pods Frameworks */,
			);
			buildRules = (
			);
			dependencies = (
				DDD45A6F24D9F4D20022F174 /* PBXTargetDependency */,
			);
			name = MahindraTestTests;
			productName = "Infosys-MachineTestTests";
			productReference = DDD45A6D24D9F4D20022F174 /* MahindraTestTests.xctest */;
			productType = "com.apple.product-type.bundle.unit-test";
		};
		DDD45A7724D9F4D20022F174 /* MahindraTestUITests */ = {
			isa = PBXNativeTarget;
			buildConfigurationList = DDD45A8724D9F4D20022F174 /* Build configuration list for PBXNativeTarget "MahindraTestUITests" */;
			buildPhases = (
				2D429C802FC6F591EE293901 /* [CP] Check Pods Manifest.lock */,
				DDD45A7424D9F4D20022F174 /* Sources */,
				DDD45A7524D9F4D20022F174 /* Frameworks */,
				DDD45A7624D9F4D20022F174 /* Resources */,
				298B8674614CB8D2B8BBEEE6 /* [CP] Embed Pods Frameworks */,
			);
			buildRules = (
			);
			dependencies = (
				DDD45A7A24D9F4D20022F174 /* PBXTargetDependency */,
			);
			name = MahindraTestUITests;
			productName = "Infosys-MachineTestUITests";
			productReference = DDD45A7824D9F4D20022F174 /* MahindraTestUITests.xctest */;
			productType = "com.apple.product-type.bundle.ui-testing";
		};
/* End PBXNativeTarget section */

/* Begin PBXProject section */
		DDD45A4F24D9F4CF0022F174 /* Project object */ = {
			isa = PBXProject;
			attributes = {
				LastSwiftUpdateCheck = 1130;
				LastUpgradeCheck = 1130;
				ORGANIZATIONNAME = "Augment Deck Technologies";
				TargetAttributes = {
					DDD45A5624D9F4CF0022F174 = {
						CreatedOnToolsVersion = 11.3;
					};
					DDD45A6C24D9F4D20022F174 = {
						CreatedOnToolsVersion = 11.3;
						TestTargetID = DDD45A5624D9F4CF0022F174;
					};
					DDD45A7724D9F4D20022F174 = {
						CreatedOnToolsVersion = 11.3;
						TestTargetID = DDD45A5624D9F4CF0022F174;
					};
				};
			};
			buildConfigurationList = DDD45A5224D9F4CF0022F174 /* Build configuration list for PBXProject "MahindraTest" */;
			compatibilityVersion = "Xcode 9.3";
			developmentRegion = en;
			hasScannedForEncodings = 0;
			knownRegions = (
				en,
				Base,
			);
			mainGroup = DDD45A4E24D9F4CF0022F174;
			productRefGroup = DDD45A5824D9F4CF0022F174 /* Products */;
			projectDirPath = "";
			projectRoot = "";
			targets = (
				DDD45A5624D9F4CF0022F174 /* MahindraTest */,
				DDD45A6C24D9F4D20022F174 /* MahindraTestTests */,
				DDD45A7724D9F4D20022F174 /* MahindraTestUITests */,
			);
		};
/* End PBXProject section */

/* Begin PBXResourcesBuildPhase section */
		DDD45A5524D9F4CF0022F174 /* Resources */ = {
			isa = PBXResourcesBuildPhase;
			buildActionMask = 2147483647;
			files = (
				DDD45A6724D9F4D20022F174 /* LaunchScreen.storyboard in Resources */,
				DDD45A6424D9F4D20022F174 /* Assets.xcassets in Resources */,
			);
			runOnlyForDeploymentPostprocessing = 0;
		};
		DDD45A6B24D9F4D20022F174 /* Resources */ = {
			isa = PBXResourcesBuildPhase;
			buildActionMask = 2147483647;
			files = (
			);
			runOnlyForDeploymentPostprocessing = 0;
		};
		DDD45A7624D9F4D20022F174 /* Resources */ = {
			isa = PBXResourcesBuildPhase;
			buildActionMask = 2147483647;
			files = (
			);
			runOnlyForDeploymentPostprocessing = 0;
		};
/* End PBXResourcesBuildPhase section */

/* Begin PBXShellScriptBuildPhase section */
		0A8E4CF932E9EBA437D0E23A /* [CP] Embed Pods Frameworks */ = {
			isa = PBXShellScriptBuildPhase;
			buildActionMask = 2147483647;
			files = (
			);
			inputFileListPaths = (
				"${PODS_ROOT}/Target Support Files/Pods-Infosys-MachineTest/Pods-Infosys-MachineTest-frameworks-${CONFIGURATION}-input-files.xcfilelist",
			);
			name = "[CP] Embed Pods Frameworks";
			outputFileListPaths = (
				"${PODS_ROOT}/Target Support Files/Pods-Infosys-MachineTest/Pods-Infosys-MachineTest-frameworks-${CONFIGURATION}-output-files.xcfilelist",
			);
			runOnlyForDeploymentPostprocessing = 0;
			shellPath = /bin/sh;
			shellScript = "\"${PODS_ROOT}/Target Support Files/Pods-Infosys-MachineTest/Pods-Infosys-MachineTest-frameworks.sh\"\n";
			showEnvVarsInLog = 0;
		};
		298B8674614CB8D2B8BBEEE6 /* [CP] Embed Pods Frameworks */ = {
			isa = PBXShellScriptBuildPhase;
			buildActionMask = 2147483647;
			files = (
			);
			inputFileListPaths = (
				"${PODS_ROOT}/Target Support Files/Pods-Infosys-MachineTest-Infosys-MachineTestUITests/Pods-Infosys-MachineTest-Infosys-MachineTestUITests-frameworks-${CONFIGURATION}-input-files.xcfilelist",
			);
			name = "[CP] Embed Pods Frameworks";
			outputFileListPaths = (
				"${PODS_ROOT}/Target Support Files/Pods-Infosys-MachineTest-Infosys-MachineTestUITests/Pods-Infosys-MachineTest-Infosys-MachineTestUITests-frameworks-${CONFIGURATION}-output-files.xcfilelist",
			);
			runOnlyForDeploymentPostprocessing = 0;
			shellPath = /bin/sh;
			shellScript = "\"${PODS_ROOT}/Target Support Files/Pods-Infosys-MachineTest-Infosys-MachineTestUITests/Pods-Infosys-MachineTest-Infosys-MachineTestUITests-frameworks.sh\"\n";
			showEnvVarsInLog = 0;
		};
		2D429C802FC6F591EE293901 /* [CP] Check Pods Manifest.lock */ = {
			isa = PBXShellScriptBuildPhase;
			buildActionMask = 2147483647;
			files = (
			);
			inputFileListPaths = (
			);
			inputPaths = (
				"${PODS_PODFILE_DIR_PATH}/Podfile.lock",
				"${PODS_ROOT}/Manifest.lock",
			);
			name = "[CP] Check Pods Manifest.lock";
			outputFileListPaths = (
			);
			outputPaths = (
				"$(DERIVED_FILE_DIR)/Pods-Infosys-MachineTest-Infosys-MachineTestUITests-checkManifestLockResult.txt",
			);
			runOnlyForDeploymentPostprocessing = 0;
			shellPath = /bin/sh;
			shellScript = "diff \"${PODS_PODFILE_DIR_PATH}/Podfile.lock\" \"${PODS_ROOT}/Manifest.lock\" > /dev/null\nif [ $? != 0 ] ; then\n    # print error to STDERR\n    echo \"error: The sandbox is not in sync with the Podfile.lock. Run 'pod install' or update your CocoaPods installation.\" >&2\n    exit 1\nfi\n# This output is used by Xcode 'outputs' to avoid re-running this script phase.\necho \"SUCCESS\" > \"${SCRIPT_OUTPUT_FILE_0}\"\n";
			showEnvVarsInLog = 0;
		};
		630B1FB6DD6F05D6D79B5F86 /* [CP] Check Pods Manifest.lock */ = {
			isa = PBXShellScriptBuildPhase;
			buildActionMask = 2147483647;
			files = (
			);
			inputFileListPaths = (
			);
			inputPaths = (
				"${PODS_PODFILE_DIR_PATH}/Podfile.lock",
				"${PODS_ROOT}/Manifest.lock",
			);
			name = "[CP] Check Pods Manifest.lock";
			outputFileListPaths = (
			);
			outputPaths = (
				"$(DERIVED_FILE_DIR)/Pods-Infosys-MachineTest-Infosys-MachineTestTests-checkManifestLockResult.txt",
			);
			runOnlyForDeploymentPostprocessing = 0;
			shellPath = /bin/sh;
			shellScript = "diff \"${PODS_PODFILE_DIR_PATH}/Podfile.lock\" \"${PODS_ROOT}/Manifest.lock\" > /dev/null\nif [ $? != 0 ] ; then\n    # print error to STDERR\n    echo \"error: The sandbox is not in sync with the Podfile.lock. Run 'pod install' or update your CocoaPods installation.\" >&2\n    exit 1\nfi\n# This output is used by Xcode 'outputs' to avoid re-running this script phase.\necho \"SUCCESS\" > \"${SCRIPT_OUTPUT_FILE_0}\"\n";
			showEnvVarsInLog = 0;
		};
		86C5709FDAE089AE151AD1DD /* [CP] Check Pods Manifest.lock */ = {
			isa = PBXShellScriptBuildPhase;
			buildActionMask = 2147483647;
			files = (
			);
			inputFileListPaths = (
			);
			inputPaths = (
				"${PODS_PODFILE_DIR_PATH}/Podfile.lock",
				"${PODS_ROOT}/Manifest.lock",
			);
			name = "[CP] Check Pods Manifest.lock";
			outputFileListPaths = (
			);
			outputPaths = (
				"$(DERIVED_FILE_DIR)/Pods-Infosys-MachineTest-checkManifestLockResult.txt",
			);
			runOnlyForDeploymentPostprocessing = 0;
			shellPath = /bin/sh;
			shellScript = "diff \"${PODS_PODFILE_DIR_PATH}/Podfile.lock\" \"${PODS_ROOT}/Manifest.lock\" > /dev/null\nif [ $? != 0 ] ; then\n    # print error to STDERR\n    echo \"error: The sandbox is not in sync with the Podfile.lock. Run 'pod install' or update your CocoaPods installation.\" >&2\n    exit 1\nfi\n# This output is used by Xcode 'outputs' to avoid re-running this script phase.\necho \"SUCCESS\" > \"${SCRIPT_OUTPUT_FILE_0}\"\n";
			showEnvVarsInLog = 0;
		};
		F7448C124AE1D7AE2631E6D0 /* [CP] Embed Pods Frameworks */ = {
			isa = PBXShellScriptBuildPhase;
			buildActionMask = 2147483647;
			files = (
			);
			inputFileListPaths = (
				"${PODS_ROOT}/Target Support Files/Pods-Infosys-MachineTest-Infosys-MachineTestTests/Pods-Infosys-MachineTest-Infosys-MachineTestTests-frameworks-${CONFIGURATION}-input-files.xcfilelist",
			);
			name = "[CP] Embed Pods Frameworks";
			outputFileListPaths = (
				"${PODS_ROOT}/Target Support Files/Pods-Infosys-MachineTest-Infosys-MachineTestTests/Pods-Infosys-MachineTest-Infosys-MachineTestTests-frameworks-${CONFIGURATION}-output-files.xcfilelist",
			);
			runOnlyForDeploymentPostprocessing = 0;
			shellPath = /bin/sh;
			shellScript = "\"${PODS_ROOT}/Target Support Files/Pods-Infosys-MachineTest-Infosys-MachineTestTests/Pods-Infosys-MachineTest-Infosys-MachineTestTests-frameworks.sh\"\n";
			showEnvVarsInLog = 0;
		};
/* End PBXShellScriptBuildPhase section */

/* Begin PBXSourcesBuildPhase section */
		DDD45A5324D9F4CF0022F174 /* Sources */ = {
			isa = PBXSourcesBuildPhase;
			buildActionMask = 2147483647;
			files = (
				DDD45A5F24D9F4CF0022F174 /* ViewController.swift in Sources */,
				DDD45A8E24D9F83A0022F174 /* HTTPUtility.swift in Sources */,
				DDD45A9A24D9FBAE0022F174 /* Constant.swift in Sources */,
				DDD45A9024D9F8640022F174 /* Reachability.swift in Sources */,
				DDD45A5B24D9F4CF0022F174 /* AppDelegate.swift in Sources */,
				DDD45A5D24D9F4CF0022F174 /* SceneDelegate.swift in Sources */,
				DDD45A8C24D9F7A30022F174 /* Extension.swift in Sources */,
				DDD45A9724D9FAA10022F174 /* ViewModel.swift in Sources */,
				DDD45A9C24D9FBEE0022F174 /* Common.swift in Sources */,
				DDD45AA024D9FD980022F174 /* TableViewCell.swift in Sources */,
				DDD45A9E24D9FC2B0022F174 /* Activity.swift in Sources */,
				DDD45A9424D9F9A70022F174 /* WebItems.swift in Sources */,
			);
			runOnlyForDeploymentPostprocessing = 0;
		};
		DDD45A6924D9F4D20022F174 /* Sources */ = {
			isa = PBXSourcesBuildPhase;
			buildActionMask = 2147483647;
			files = (
				DDD45A7224D9F4D20022F174 /* MahindraTestTests.swift in Sources */,
			);
			runOnlyForDeploymentPostprocessing = 0;
		};
		DDD45A7424D9F4D20022F174 /* Sources */ = {
			isa = PBXSourcesBuildPhase;
			buildActionMask = 2147483647;
			files = (
				DDD45A7D24D9F4D20022F174 /* MahindraTestUITests.swift in Sources */,
			);
			runOnlyForDeploymentPostprocessing = 0;
		};
/* End PBXSourcesBuildPhase section */

/* Begin PBXTargetDependency section */
		DDD45A6F24D9F4D20022F174 /* PBXTargetDependency */ = {
			isa = PBXTargetDependency;
			target = DDD45A5624D9F4CF0022F174 /* MahindraTest */;
			targetProxy = DDD45A6E24D9F4D20022F174 /* PBXContainerItemProxy */;
		};
		DDD45A7A24D9F4D20022F174 /* PBXTargetDependency */ = {
			isa = PBXTargetDependency;
			target = DDD45A5624D9F4CF0022F174 /* MahindraTest */;
			targetProxy = DDD45A7924D9F4D20022F174 /* PBXContainerItemProxy */;
		};
/* End PBXTargetDependency section */

/* Begin PBXVariantGroup section */
		DDD45A6524D9F4D20022F174 /* LaunchScreen.storyboard */ = {
			isa = PBXVariantGroup;
			children = (
				DDD45A6624D9F4D20022F174 /* Base */,
			);
			name = LaunchScreen.storyboard;
			sourceTree = "<group>";
		};
/* End PBXVariantGroup section */

/* Begin XCBuildConfiguration section */
		DDD45A7F24D9F4D20022F174 /* Debug */ = {
			isa = XCBuildConfiguration;
			buildSettings = {
				ALWAYS_SEARCH_USER_PATHS = NO;
				CLANG_ANALYZER_NONNULL = YES;
				CLANG_ANALYZER_NUMBER_OBJECT_CONVERSION = YES_AGGRESSIVE;
				CLANG_CXX_LANGUAGE_STANDARD = "gnu++14";
				CLANG_CXX_LIBRARY = "libc++";
				CLANG_ENABLE_MODULES = YES;
				CLANG_ENABLE_OBJC_ARC = YES;
				CLANG_ENABLE_OBJC_WEAK = YES;
				CLANG_WARN_BLOCK_CAPTURE_AUTORELEASING = YES;
				CLANG_WARN_BOOL_CONVERSION = YES;
				CLANG_WARN_COMMA = YES;
				CLANG_WARN_CONSTANT_CONVERSION = YES;
				CLANG_WARN_DEPRECATED_OBJC_IMPLEMENTATIONS = YES;
				CLANG_WARN_DIRECT_OBJC_ISA_USAGE = YES_ERROR;
				CLANG_WARN_DOCUMENTATION_COMMENTS = YES;
				CLANG_WARN_EMPTY_BODY = YES;
				CLANG_WARN_ENUM_CONVERSION = YES;
				CLANG_WARN_INFINITE_RECURSION = YES;
				CLANG_WARN_INT_CONVERSION = YES;
				CLANG_WARN_NON_LITERAL_NULL_CONVERSION = YES;
				CLANG_WARN_OBJC_IMPLICIT_RETAIN_SELF = YES;
				CLANG_WARN_OBJC_LITERAL_CONVERSION = YES;
				CLANG_WARN_OBJC_ROOT_CLASS = YES_ERROR;
				CLANG_WARN_RANGE_LOOP_ANALYSIS = YES;
				CLANG_WARN_STRICT_PROTOTYPES = YES;
				CLANG_WARN_SUSPICIOUS_MOVE = YES;
				CLANG_WARN_UNGUARDED_AVAILABILITY = YES_AGGRESSIVE;
				CLANG_WARN_UNREACHABLE_CODE = YES;
				CLANG_WARN__DUPLICATE_METHOD_MATCH = YES;
				COPY_PHASE_STRIP = NO;
				DEBUG_INFORMATION_FORMAT = dwarf;
				ENABLE_STRICT_OBJC_MSGSEND = YES;
				ENABLE_TESTABILITY = YES;
				GCC_C_LANGUAGE_STANDARD = gnu11;
				GCC_DYNAMIC_NO_PIC = NO;
				GCC_NO_COMMON_BLOCKS = YES;
				GCC_OPTIMIZATION_LEVEL = 0;
				GCC_PREPROCESSOR_DEFINITIONS = (
					"DEBUG=1",
					"$(inherited)",
				);
				GCC_WARN_64_TO_32_BIT_CONVERSION = YES;
				GCC_WARN_ABOUT_RETURN_TYPE = YES_ERROR;
				GCC_WARN_UNDECLARED_SELECTOR = YES;
				GCC_WARN_UNINITIALIZED_AUTOS = YES_AGGRESSIVE;
				GCC_WARN_UNUSED_FUNCTION = YES;
				GCC_WARN_UNUSED_VARIABLE = YES;
				IPHONEOS_DEPLOYMENT_TARGET = 13.2;
				MTL_ENABLE_DEBUG_INFO = INCLUDE_SOURCE;
				MTL_FAST_MATH = YES;
				ONLY_ACTIVE_ARCH = YES;
				SDKROOT = iphoneos;
				SWIFT_ACTIVE_COMPILATION_CONDITIONS = DEBUG;
				SWIFT_OPTIMIZATION_LEVEL = "-Onone";
			};
			name = Debug;
		};
		DDD45A8024D9F4D20022F174 /* Release */ = {
			isa = XCBuildConfiguration;
			buildSettings = {
				ALWAYS_SEARCH_USER_PATHS = NO;
				CLANG_ANALYZER_NONNULL = YES;
				CLANG_ANALYZER_NUMBER_OBJECT_CONVERSION = YES_AGGRESSIVE;
				CLANG_CXX_LANGUAGE_STANDARD = "gnu++14";
				CLANG_CXX_LIBRARY = "libc++";
				CLANG_ENABLE_MODULES = YES;
				CLANG_ENABLE_OBJC_ARC = YES;
				CLANG_ENABLE_OBJC_WEAK = YES;
				CLANG_WARN_BLOCK_CAPTURE_AUTORELEASING = YES;
				CLANG_WARN_BOOL_CONVERSION = YES;
				CLANG_WARN_COMMA = YES;
				CLANG_WARN_CONSTANT_CONVERSION = YES;
				CLANG_WARN_DEPRECATED_OBJC_IMPLEMENTATIONS = YES;
				CLANG_WARN_DIRECT_OBJC_ISA_USAGE = YES_ERROR;
				CLANG_WARN_DOCUMENTATION_COMMENTS = YES;
				CLANG_WARN_EMPTY_BODY = YES;
				CLANG_WARN_ENUM_CONVERSION = YES;
				CLANG_WARN_INFINITE_RECURSION = YES;
				CLANG_WARN_INT_CONVERSION = YES;
				CLANG_WARN_NON_LITERAL_NULL_CONVERSION = YES;
				CLANG_WARN_OBJC_IMPLICIT_RETAIN_SELF = YES;
				CLANG_WARN_OBJC_LITERAL_CONVERSION = YES;
				CLANG_WARN_OBJC_ROOT_CLASS = YES_ERROR;
				CLANG_WARN_RANGE_LOOP_ANALYSIS = YES;
				CLANG_WARN_STRICT_PROTOTYPES = YES;
				CLANG_WARN_SUSPICIOUS_MOVE = YES;
				CLANG_WARN_UNGUARDED_AVAILABILITY = YES_AGGRESSIVE;
				CLANG_WARN_UNREACHABLE_CODE = YES;
				CLANG_WARN__DUPLICATE_METHOD_MATCH = YES;
				COPY_PHASE_STRIP = NO;
				DEBUG_INFORMATION_FORMAT = "dwarf-with-dsym";
				ENABLE_NS_ASSERTIONS = NO;
				ENABLE_STRICT_OBJC_MSGSEND = YES;
				GCC_C_LANGUAGE_STANDARD = gnu11;
				GCC_NO_COMMON_BLOCKS = YES;
				GCC_WARN_64_TO_32_BIT_CONVERSION = YES;
				GCC_WARN_ABOUT_RETURN_TYPE = YES_ERROR;
				GCC_WARN_UNDECLARED_SELECTOR = YES;
				GCC_WARN_UNINITIALIZED_AUTOS = YES_AGGRESSIVE;
				GCC_WARN_UNUSED_FUNCTION = YES;
				GCC_WARN_UNUSED_VARIABLE = YES;
				IPHONEOS_DEPLOYMENT_TARGET = 13.2;
				MTL_ENABLE_DEBUG_INFO = NO;
				MTL_FAST_MATH = YES;
				SDKROOT = iphoneos;
				SWIFT_COMPILATION_MODE = wholemodule;
				SWIFT_OPTIMIZATION_LEVEL = "-O";
				VALIDATE_PRODUCT = YES;
			};
			name = Release;
		};
		DDD45A8224D9F4D20022F174 /* Debug */ = {
			isa = XCBuildConfiguration;
			baseConfigurationReference = 0B62BFB7B5038FABCB8FEC6B /* Pods-Infosys-MachineTest.debug.xcconfig */;
			buildSettings = {
				ASSETCATALOG_COMPILER_APPICON_NAME = AppIcon;
				CODE_SIGN_STYLE = Automatic;
				DEVELOPMENT_TEAM = Q4S9YC3845;
				INFOPLIST_FILE = MahindraTest/Info.plist;
				LD_RUNPATH_SEARCH_PATHS = (
					"$(inherited)",
					"@executable_path/Frameworks",
				);
				PRODUCT_BUNDLE_IDENTIFIER = "Augment-Deck-Technologies.Infosys-MachineTest";
				PRODUCT_NAME = MahindraTest;
				SWIFT_VERSION = 5.0;
				TARGETED_DEVICE_FAMILY = "1,2";
			};
			name = Debug;
		};
		DDD45A8324D9F4D20022F174 /* Release */ = {
			isa = XCBuildConfiguration;
			baseConfigurationReference = 78F888FAA4C10A2AEA6E9F31 /* Pods-Infosys-MachineTest.release.xcconfig */;
			buildSettings = {
				ASSETCATALOG_COMPILER_APPICON_NAME = AppIcon;
				CODE_SIGN_STYLE = Automatic;
				DEVELOPMENT_TEAM = Q4S9YC3845;
				INFOPLIST_FILE = MahindraTest/Info.plist;
				LD_RUNPATH_SEARCH_PATHS = (
					"$(inherited)",
					"@executable_path/Frameworks",
				);
				PRODUCT_BUNDLE_IDENTIFIER = "Augment-Deck-Technologies.Infosys-MachineTest";
				PRODUCT_NAME = MahindraTest;
				SWIFT_VERSION = 5.0;
				TARGETED_DEVICE_FAMILY = "1,2";
			};
			name = Release;
		};
		DDD45A8524D9F4D20022F174 /* Debug */ = {
			isa = XCBuildConfiguration;
			baseConfigurationReference = F176E53A51D89682B7A1E58B /* Pods-Infosys-MachineTest-Infosys-MachineTestTests.debug.xcconfig */;
			buildSettings = {
				ALWAYS_EMBED_SWIFT_STANDARD_LIBRARIES = YES;
				BUNDLE_LOADER = "$(TEST_HOST)";
				CODE_SIGN_STYLE = Automatic;
				DEVELOPMENT_TEAM = Q4S9YC3845;
				INFOPLIST_FILE = "Infosys-MachineTestTests/Info.plist";
				IPHONEOS_DEPLOYMENT_TARGET = 13.2;
				LD_RUNPATH_SEARCH_PATHS = (
					"$(inherited)",
					"@executable_path/Frameworks",
					"@loader_path/Frameworks",
				);
				PRODUCT_BUNDLE_IDENTIFIER = "Augment-Deck-Technologies.Infosys-MachineTestTests";
				PRODUCT_NAME = "$(TARGET_NAME)";
				SWIFT_VERSION = 5.0;
				TARGETED_DEVICE_FAMILY = "1,2";
				TEST_HOST = "$(BUILT_PRODUCTS_DIR)/MahindraTest.app/MahindraTest";
			};
			name = Debug;
		};
		DDD45A8624D9F4D20022F174 /* Release */ = {
			isa = XCBuildConfiguration;
			baseConfigurationReference = 43A81F14799D93D4EF715AA0 /* Pods-Infosys-MachineTest-Infosys-MachineTestTests.release.xcconfig */;
			buildSettings = {
				ALWAYS_EMBED_SWIFT_STANDARD_LIBRARIES = YES;
				BUNDLE_LOADER = "$(TEST_HOST)";
				CODE_SIGN_STYLE = Automatic;
				DEVELOPMENT_TEAM = Q4S9YC3845;
				INFOPLIST_FILE = "Infosys-MachineTestTests/Info.plist";
				IPHONEOS_DEPLOYMENT_TARGET = 13.2;
				LD_RUNPATH_SEARCH_PATHS = (
					"$(inherited)",
					"@executable_path/Frameworks",
					"@loader_path/Frameworks",
				);
				PRODUCT_BUNDLE_IDENTIFIER = "Augment-Deck-Technologies.Infosys-MachineTestTests";
				PRODUCT_NAME = "$(TARGET_NAME)";
				SWIFT_VERSION = 5.0;
				TARGETED_DEVICE_FAMILY = "1,2";
				TEST_HOST = "$(BUILT_PRODUCTS_DIR)/MahindraTest.app/MahindraTest";
			};
			name = Release;
		};
		DDD45A8824D9F4D20022F174 /* Debug */ = {
			isa = XCBuildConfiguration;
			baseConfigurationReference = 248E0579ADEC46F921422B48 /* Pods-Infosys-MachineTest-Infosys-MachineTestUITests.debug.xcconfig */;
			buildSettings = {
				ALWAYS_EMBED_SWIFT_STANDARD_LIBRARIES = YES;
				CODE_SIGN_STYLE = Automatic;
				DEVELOPMENT_TEAM = Q4S9YC3845;
				INFOPLIST_FILE = "Infosys-MachineTestUITests/Info.plist";
				LD_RUNPATH_SEARCH_PATHS = (
					"$(inherited)",
					"@executable_path/Frameworks",
					"@loader_path/Frameworks",
				);
				PRODUCT_BUNDLE_IDENTIFIER = "Augment-Deck-Technologies.Infosys-MachineTestUITests";
				PRODUCT_NAME = "$(TARGET_NAME)";
				SWIFT_VERSION = 5.0;
				TARGETED_DEVICE_FAMILY = "1,2";
				TEST_TARGET_NAME = "Infosys-MachineTest";
			};
			name = Debug;
		};
		DDD45A8924D9F4D20022F174 /* Release */ = {
			isa = XCBuildConfiguration;
			baseConfigurationReference = A6E5BD477706F4C3C4AD60EC /* Pods-Infosys-MachineTest-Infosys-MachineTestUITests.release.xcconfig */;
			buildSettings = {
				ALWAYS_EMBED_SWIFT_STANDARD_LIBRARIES = YES;
				CODE_SIGN_STYLE = Automatic;
				DEVELOPMENT_TEAM = Q4S9YC3845;
				INFOPLIST_FILE = "Infosys-MachineTestUITests/Info.plist";
				LD_RUNPATH_SEARCH_PATHS = (
					"$(inherited)",
					"@executable_path/Frameworks",
					"@loader_path/Frameworks",
				);
				PRODUCT_BUNDLE_IDENTIFIER = "Augment-Deck-Technologies.Infosys-MachineTestUITests";
				PRODUCT_NAME = "$(TARGET_NAME)";
				SWIFT_VERSION = 5.0;
				TARGETED_DEVICE_FAMILY = "1,2";
				TEST_TARGET_NAME = "Infosys-MachineTest";
			};
			name = Release;
		};
/* End XCBuildConfiguration section */

/* Begin XCConfigurationList section */
		DDD45A5224D9F4CF0022F174 /* Build configuration list for PBXProject "MahindraTest" */ = {
			isa = XCConfigurationList;
			buildConfigurations = (
				DDD45A7F24D9F4D20022F174 /* Debug */,
				DDD45A8024D9F4D20022F174 /* Release */,
			);
			defaultConfigurationIsVisible = 0;
			defaultConfigurationName = Release;
		};
		DDD45A8124D9F4D20022F174 /* Build configuration list for PBXNativeTarget "MahindraTest" */ = {
			isa = XCConfigurationList;
			buildConfigurations = (
				DDD45A8224D9F4D20022F174 /* Debug */,
				DDD45A8324D9F4D20022F174 /* Release */,
			);
			defaultConfigurationIsVisible = 0;
			defaultConfigurationName = Release;
		};
		DDD45A8424D9F4D20022F174 /* Build configuration list for PBXNativeTarget "MahindraTestTests" */ = {
			isa = XCConfigurationList;
			buildConfigurations = (
				DDD45A8524D9F4D20022F174 /* Debug */,
				DDD45A8624D9F4D20022F174 /* Release */,
			);
			defaultConfigurationIsVisible = 0;
			defaultConfigurationName = Release;
		};
		DDD45A8724D9F4D20022F174 /* Build configuration list for PBXNativeTarget "MahindraTestUITests" */ = {
			isa = XCConfigurationList;
			buildConfigurations = (
				DDD45A8824D9F4D20022F174 /* Debug */,
				DDD45A8924D9F4D20022F174 /* Release */,
			);
			defaultConfigurationIsVisible = 0;
			defaultConfigurationName = Release;
		};
/* End XCConfigurationList section */
	};
	rootObject = DDD45A4F24D9F4CF0022F174 /* Project object */;
}
