// !$*UTF8*$!
{
	archiveVersion = 1;
	classes = {
	};
	objectVersion = 50;
	objects = {

/* Begin PBXBuildFile section */
		DDD45A5B24D9F4CF0022F174 /* AppDelegate.swift in Sources */ = {isa = PBXBuildFile; fileRef = DDD45A5A24D9F4CF0022F174 /* AppDelegate.swift */; };
		DDD45A5D24D9F4CF0022F174 /* SceneDelegate.swift in Sources */ = {isa = PBXBuildFile; fileRef = DDD45A5C24D9F4CF0022F174 /* SceneDelegate.swift */; };
		DDD45A5F24D9F4CF0022F174 /* ViewController.swift in Sources */ = {isa = PBXBuildFile; fileRef = DDD45A5E24D9F4CF0022F174 /* ViewController.swift */; };
		DDD45A6224D9F4CF0022F174 /* Main.storyboard in Resources */ = {isa = PBXBuildFile; fileRef = DDD45A6024D9F4CF0022F174 /* Main.storyboard */; };
		DDD45A6424D9F4D20022F174 /* Assets.xcassets in Resources */ = {isa = PBXBuildFile; fileRef = DDD45A6324D9F4D20022F174 /* Assets.xcassets */; };
		DDD45A6724D9F4D20022F174 /* LaunchScreen.storyboard in Resources */ = {isa = PBXBuildFile; fileRef = DDD45A6524D9F4D20022F174 /* LaunchScreen.storyboard */; };
		DDD45A7224D9F4D20022F174 /* Infosys_MachineTestTests.swift in Sources */ = {isa = PBXBuildFile; fileRef = DDD45A7124D9F4D20022F174 /* Infosys_MachineTestTests.swift */; };
		DDD45A7D24D9F4D20022F174 /* Infosys_MachineTestUITests.swift in Sources */ = {isa = PBXBuildFile; fileRef = DDD45A7C24D9F4D20022F174 /* Infosys_MachineTestUITests.swift */; };
/* End PBXBuildFile section */

/* Begin PBXContainerItemProxy section */
		DDD45A6E24D9F4D20022F174 /* PBXContainerItemProxy */ = {
			isa = PBXContainerItemProxy;
			containerPortal = DDD45A4F24D9F4CF0022F174 /* Project object */;
			proxyType = 1;
			remoteGlobalIDString = DDD45A5624D9F4CF0022F174;
			remoteInfo = "Infosys-MachineTest";
		};
		DDD45A7924D9F4D20022F174 /* PBXContainerItemProxy */ = {
			isa = PBXContainerItemProxy;
			containerPortal = DDD45A4F24D9F4CF0022F174 /* Project object */;
			proxyType = 1;
			remoteGlobalIDString = DDD45A5624D9F4CF0022F174;
			remoteInfo = "Infosys-MachineTest";
		};
/* End PBXContainerItemProxy section */

/* Begin PBXFileReference section */
		DDD45A5724D9F4CF0022F174 /* Infosys-MachineTest.app */ = {isa = PBXFileReference; explicitFileType = wrapper.application; includeInIndex = 0; path = "Infosys-MachineTest.app"; sourceTree = BUILT_PRODUCTS_DIR; };
		DDD45A5A24D9F4CF0022F174 /* AppDelegate.swift */ = {isa = PBXFileReference; lastKnownFileType = sourcecode.swift; path = AppDelegate.swift; sourceTree = "<group>"; };
		DDD45A5C24D9F4CF0022F174 /* SceneDelegate.swift */ = {isa = PBXFileReference; lastKnownFileType = sourcecode.swift; path = SceneDelegate.swift; sourceTree = "<group>"; };
		DDD45A5E24D9F4CF0022F174 /* ViewController.swift */ = {isa = PBXFileReference; lastKnownFileType = sourcecode.swift; path = ViewController.swift; sourceTree = "<group>"; };
		DDD45A6124D9F4CF0022F174 /* Base */ = {isa = PBXFileReference; lastKnownFileType = file.storyboard; name = Base; path = Base.lproj/Main.storyboard; sourceTree = "<group>"; };
		DDD45A6324D9F4D20022F174 /* Assets.xcassets */ = {isa = PBXFileReference; lastKnownFileType = folder.assetcatalog; path = Assets.xcassets; sourceTree = "<group>"; };
		DDD45A6624D9F4D20022F174 /* Base */ = {isa = PBXFileReference; lastKnownFileType = file.storyboard; name = Base; path = Base.lproj/LaunchScreen.storyboard; sourceTree = "<group>"; };
		DDD45A6824D9F4D20022F174 /* Info.plist */ = {isa = PBXFileReference; lastKnownFileType = text.plist.xml; path = Info.plist; sourceTree = "<group>"; };
		DDD45A6D24D9F4D20022F174 /* Infosys-MachineTestTests.xctest */ = {isa = PBXFileReference; explicitFileType = wrapper.cfbundle; includeInIndex = 0; path = "Infosys-MachineTestTests.xctest"; sourceTree = BUILT_PRODUCTS_DIR; };
		DDD45A7124D9F4D20022F174 /* Infosys_MachineTestTests.swift */ = {isa = PBXFileReference; lastKnownFileType = sourcecode.swift; path = Infosys_MachineTestTests.swift; sourceTree = "<group>"; };
		DDD45A7324D9F4D20022F174 /* Info.plist */ = {isa = PBXFileReference; lastKnownFileType = text.plist.xml; path = Info.plist; sourceTree = "<group>"; };
		DDD45A7824D9F4D20022F174 /* Infosys-MachineTestUITests.xctest */ = {isa = PBXFileReference; explicitFileType = wrapper.cfbundle; includeInIndex = 0; path = "Infosys-MachineTestUITests.xctest"; sourceTree = BUILT_PRODUCTS_DIR; };
		DDD45A7C24D9F4D20022F174 /* Infosys_MachineTestUITests.swift */ = {isa = PBXFileReference; lastKnownFileType = sourcecode.swift; path = Infosys_MachineTestUITests.swift; sourceTree = "<group>"; };
		DDD45A7E24D9F4D20022F174 /* Info.plist */ = {isa = PBXFileReference; lastKnownFileType = text.plist.xml; path = Info.plist; sourceTree = "<group>"; };
/* End PBXFileReference section */

/* Begin PBXFrameworksBuildPhase section */
		DDD45A5424D9F4CF0022F174 /* Frameworks */ = {
			isa = PBXFrameworksBuildPhase;
			buildActionMask = 2147483647;
			files = (
			);
			runOnlyForDeploymentPostprocessing = 0;
		};
		DDD45A6A24D9F4D20022F174 /* Frameworks */ = {
			isa = PBXFrameworksBuildPhase;
			buildActionMask = 2147483647;
			files = (
			);
			runOnlyForDeploymentPostprocessing = 0;
		};
		DDD45A7524D9F4D20022F174 /* Frameworks */ = {
			isa = PBXFrameworksBuildPhase;
			buildActionMask = 2147483647;
			files = (
			);
			runOnlyForDeploymentPostprocessing = 0;
		};
/* End PBXFrameworksBuildPhase section */

/* Begin PBXGroup section */
		DDD45A4E24D9F4CF0022F174 = {
			isa = PBXGroup;
			children = (
				DDD45A5924D9F4CF0022F174 /* Infosys-MachineTest */,
				DDD45A7024D9F4D20022F174 /* Infosys-MachineTestTests */,
				DDD45A7B24D9F4D20022F174 /* Infosys-MachineTestUITests */,
				DDD45A5824D9F4CF0022F174 /* Products */,
			);
			sourceTree = "<group>";
		};
		DDD45A5824D9F4CF0022F174 /* Products */ = {
			isa = PBXGroup;
			children = (
				DDD45A5724D9F4CF0022F174 /* Infosys-MachineTest.app */,
				DDD45A6D24D9F4D20022F174 /* Infosys-MachineTestTests.xctest */,
				DDD45A7824D9F4D20022F174 /* Infosys-MachineTestUITests.xctest */,
			);
			name = Products;
			sourceTree = "<group>";
		};
		DDD45A5924D9F4CF0022F174 /* Infosys-MachineTest */ = {
			isa = PBXGroup;
			children = (
				DDD45A5A24D9F4CF0022F174 /* AppDelegate.swift */,
				DDD45A5C24D9F4CF0022F174 /* SceneDelegate.swift */,
				DDD45A5E24D9F4CF0022F174 /* ViewController.swift */,
				DDD45A6024D9F4CF0022F174 /* Main.storyboard */,
				DDD45A6324D9F4D20022F174 /* Assets.xcassets */,
				DDD45A6524D9F4D20022F174 /* LaunchScreen.storyboard */,
				DDD45A6824D9F4D20022F174 /* Info.plist */,
			);
			path = "Infosys-MachineTest";
			sourceTree = "<group>";
		};
		DDD45A7024D9F4D20022F174 /* Infosys-MachineTestTests */ = {
			isa = PBXGroup;
			children = (
				DDD45A7124D9F4D20022F174 /* Infosys_MachineTestTests.swift */,
				DDD45A7324D9F4D20022F174 /* Info.plist */,
			);
			path = "Infosys-MachineTestTests";
			sourceTree = "<group>";
		};
		DDD45A7B24D9F4D20022F174 /* Infosys-MachineTestUITests */ = {
			isa = PBXGroup;
			children = (
				DDD45A7C24D9F4D20022F174 /* Infosys_MachineTestUITests.swift */,
				DDD45A7E24D9F4D20022F174 /* Info.plist */,
			);
			path = "Infosys-MachineTestUITests";
			sourceTree = "<group>";
		};
/* End PBXGroup section */

/* Begin PBXNativeTarget section */
		DDD45A5624D9F4CF0022F174 /* Infosys-MachineTest */ = {
			isa = PBXNativeTarget;
			buildConfigurationList = DDD45A8124D9F4D20022F174 /* Build configuration list for PBXNativeTarget "Infosys-MachineTest" */;
			buildPhases = (
				DDD45A5324D9F4CF0022F174 /* Sources */,
				DDD45A5424D9F4CF0022F174 /* Frameworks */,
				DDD45A5524D9F4CF0022F174 /* Resources */,
			);
			buildRules = (
			);
			dependencies = (
			);
			name = "Infosys-MachineTest";
			productName = "Infosys-MachineTest";
			productReference = DDD45A5724D9F4CF0022F174 /* Infosys-MachineTest.app */;
			productType = "com.apple.product-type.application";
		};
		DDD45A6C24D9F4D20022F174 /* Infosys-MachineTestTests */ = {
			isa = PBXNativeTarget;
			buildConfigurationList = DDD45A8424D9F4D20022F174 /* Build configuration list for PBXNativeTarget "Infosys-MachineTestTests" */;
			buildPhases = (
				DDD45A6924D9F4D20022F174 /* Sources */,
				DDD45A6A24D9F4D20022F174 /* Frameworks */,
				DDD45A6B24D9F4D20022F174 /* Resources */,
			);
			buildRules = (
			);
			dependencies = (
				DDD45A6F24D9F4D20022F174 /* PBXTargetDependency */,
			);
			name = "Infosys-MachineTestTests";
			productName = "Infosys-MachineTestTests";
			productReference = DDD45A6D24D9F4D20022F174 /* Infosys-MachineTestTests.xctest */;
			productType = "com.apple.product-type.bundle.unit-test";
		};
		DDD45A7724D9F4D20022F174 /* Infosys-MachineTestUITests */ = {
			isa = PBXNativeTarget;
			buildConfigurationList = DDD45A8724D9F4D20022F174 /* Build configuration list for PBXNativeTarget "Infosys-MachineTestUITests" */;
			buildPhases = (
				DDD45A7424D9F4D20022F174 /* Sources */,
				DDD45A7524D9F4D20022F174 /* Frameworks */,
				DDD45A7624D9F4D20022F174 /* Resources */,
			);
			buildRules = (
			);
			dependencies = (
				DDD45A7A24D9F4D20022F174 /* PBXTargetDependency */,
			);
			name = "Infosys-MachineTestUITests";
			productName = "Infosys-MachineTestUITests";
			productReference = DDD45A7824D9F4D20022F174 /* Infosys-MachineTestUITests.xctest */;
			productType = "com.apple.product-type.bundle.ui-testing";
		};
/* End PBXNativeTarget section */

/* Begin PBXProject section */
		DDD45A4F24D9F4CF0022F174 /* Project object */ = {
			isa = PBXProject;
			attributes = {
				LastSwiftUpdateCheck = 1130;
				LastUpgradeCheck = 1130;
				ORGANIZATIONNAME = "Augment Deck Technologies";
				TargetAttributes = {
					DDD45A5624D9F4CF0022F174 = {
						CreatedOnToolsVersion = 11.3;
					};
					DDD45A6C24D9F4D20022F174 = {
						CreatedOnToolsVersion = 11.3;
						TestTargetID = DDD45A5624D9F4CF0022F174;
					};
					DDD45A7724D9F4D20022F174 = {
						CreatedOnToolsVersion = 11.3;
						TestTargetID = DDD45A5624D9F4CF0022F174;
					};
				};
			};
			buildConfigurationList = DDD45A5224D9F4CF0022F174 /* Build configuration list for PBXProject "Infosys-MachineTest" */;
			compatibilityVersion = "Xcode 9.3";
			developmentRegion = en;
			hasScannedForEncodings = 0;
			knownRegions = (
				en,
				Base,
			);
			mainGroup = DDD45A4E24D9F4CF0022F174;
			productRefGroup = DDD45A5824D9F4CF0022F174 /* Products */;
			projectDirPath = "";
			projectRoot = "";
			targets = (
				DDD45A5624D9F4CF0022F174 /* Infosys-MachineTest */,
				DDD45A6C24D9F4D20022F174 /* Infosys-MachineTestTests */,
				DDD45A7724D9F4D20022F174 /* Infosys-MachineTestUITests */,
			);
		};
/* End PBXProject section */

/* Begin PBXResourcesBuildPhase section */
		DDD45A5524D9F4CF0022F174 /* Resources */ = {
			isa = PBXResourcesBuildPhase;
			buildActionMask = 2147483647;
			files = (
				DDD45A6724D9F4D20022F174 /* LaunchScreen.storyboard in Resources */,
				DDD45A6424D9F4D20022F174 /* Assets.xcassets in Resources */,
				DDD45A6224D9F4CF0022F174 /* Main.storyboard in Resources */,
			);
			runOnlyForDeploymentPostprocessing = 0;
		};
		DDD45A6B24D9F4D20022F174 /* Resources */ = {
			isa = PBXResourcesBuildPhase;
			buildActionMask = 2147483647;
			files = (
			);
			runOnlyForDeploymentPostprocessing = 0;
		};
		DDD45A7624D9F4D20022F174 /* Resources */ = {
			isa = PBXResourcesBuildPhase;
			buildActionMask = 2147483647;
			files = (
			);
			runOnlyForDeploymentPostprocessing = 0;
		};
/* End PBXResourcesBuildPhase section */

/* Begin PBXSourcesBuildPhase section */
		DDD45A5324D9F4CF0022F174 /* Sources */ = {
			isa = PBXSourcesBuildPhase;
			buildActionMask = 2147483647;
			files = (
				DDD45A5F24D9F4CF0022F174 /* ViewController.swift in Sources */,
				DDD45A5B24D9F4CF0022F174 /* AppDelegate.swift in Sources */,
				DDD45A5D24D9F4CF0022F174 /* SceneDelegate.swift in Sources */,
			);
			runOnlyForDeploymentPostprocessing = 0;
		};
		DDD45A6924D9F4D20022F174 /* Sources */ = {
			isa = PBXSourcesBuildPhase;
			buildActionMask = 2147483647;
			files = (
				DDD45A7224D9F4D20022F174 /* Infosys_MachineTestTests.swift in Sources */,
			);
			runOnlyForDeploymentPostprocessing = 0;
		};
		DDD45A7424D9F4D20022F174 /* Sources */ = {
			isa = PBXSourcesBuildPhase;
			buildActionMask = 2147483647;
			files = (
				DDD45A7D24D9F4D20022F174 /* Infosys_MachineTestUITests.swift in Sources */,
			);
			runOnlyForDeploymentPostprocessing = 0;
		};
/* End PBXSourcesBuildPhase section */

/* Begin PBXTargetDependency section */
		DDD45A6F24D9F4D20022F174 /* PBXTargetDependency */ = {
			isa = PBXTargetDependency;
			target = DDD45A5624D9F4CF0022F174 /* Infosys-MachineTest */;
			targetProxy = DDD45A6E24D9F4D20022F174 /* PBXContainerItemProxy */;
		};
		DDD45A7A24D9F4D20022F174 /* PBXTargetDependency */ = {
			isa = PBXTargetDependency;
			target = DDD45A5624D9F4CF0022F174 /* Infosys-MachineTest */;
			targetProxy = DDD45A7924D9F4D20022F174 /* PBXContainerItemProxy */;
		};
/* End PBXTargetDependency section */

/* Begin PBXVariantGroup section */
		DDD45A6024D9F4CF0022F174 /* Main.storyboard */ = {
			isa = PBXVariantGroup;
			children = (
				DDD45A6124D9F4CF0022F174 /* Base */,
			);
			name = Main.storyboard;
			sourceTree = "<group>";
		};
		DDD45A6524D9F4D20022F174 /* LaunchScreen.storyboard */ = {
			isa = PBXVariantGroup;
			children = (
				DDD45A6624D9F4D20022F174 /* Base */,
			);
			name = LaunchScreen.storyboard;
			sourceTree = "<group>";
		};
/* End PBXVariantGroup section */

/* Begin XCBuildConfiguration section */
		DDD45A7F24D9F4D20022F174 /* Debug */ = {
			isa = XCBuildConfiguration;
			buildSettings = {
				ALWAYS_SEARCH_USER_PATHS = NO;
				CLANG_ANALYZER_NONNULL = YES;
				CLANG_ANALYZER_NUMBER_OBJECT_CONVERSION = YES_AGGRESSIVE;
				CLANG_CXX_LANGUAGE_STANDARD = "gnu++14";
				CLANG_CXX_LIBRARY = "libc++";
				CLANG_ENABLE_MODULES = YES;
				CLANG_ENABLE_OBJC_ARC = YES;
				CLANG_ENABLE_OBJC_WEAK = YES;
				CLANG_WARN_BLOCK_CAPTURE_AUTORELEASING = YES;
				CLANG_WARN_BOOL_CONVERSION = YES;
				CLANG_WARN_COMMA = YES;
				CLANG_WARN_CONSTANT_CONVERSION = YES;
				CLANG_WARN_DEPRECATED_OBJC_IMPLEMENTATIONS = YES;
				CLANG_WARN_DIRECT_OBJC_ISA_USAGE = YES_ERROR;
				CLANG_WARN_DOCUMENTATION_COMMENTS = YES;
				CLANG_WARN_EMPTY_BODY = YES;
				CLANG_WARN_ENUM_CONVERSION = YES;
				CLANG_WARN_INFINITE_RECURSION = YES;
				CLANG_WARN_INT_CONVERSION = YES;
				CLANG_WARN_NON_LITERAL_NULL_CONVERSION = YES;
				CLANG_WARN_OBJC_IMPLICIT_RETAIN_SELF = YES;
				CLANG_WARN_OBJC_LITERAL_CONVERSION = YES;
				CLANG_WARN_OBJC_ROOT_CLASS = YES_ERROR;
				CLANG_WARN_RANGE_LOOP_ANALYSIS = YES;
				CLANG_WARN_STRICT_PROTOTYPES = YES;
				CLANG_WARN_SUSPICIOUS_MOVE = YES;
				CLANG_WARN_UNGUARDED_AVAILABILITY = YES_AGGRESSIVE;
				CLANG_WARN_UNREACHABLE_CODE = YES;
				CLANG_WARN__DUPLICATE_METHOD_MATCH = YES;
				COPY_PHASE_STRIP = NO;
				DEBUG_INFORMATION_FORMAT = dwarf;
				ENABLE_STRICT_OBJC_MSGSEND = YES;
				ENABLE_TESTABILITY = YES;
				GCC_C_LANGUAGE_STANDARD = gnu11;
				GCC_DYNAMIC_NO_PIC = NO;
				GCC_NO_COMMON_BLOCKS = YES;
				GCC_OPTIMIZATION_LEVEL = 0;
				GCC_PREPROCESSOR_DEFINITIONS = (
					"DEBUG=1",
					"$(inherited)",
				);
				GCC_WARN_64_TO_32_BIT_CONVERSION = YES;
				GCC_WARN_ABOUT_RETURN_TYPE = YES_ERROR;
				GCC_WARN_UNDECLARED_SELECTOR = YES;
				GCC_WARN_UNINITIALIZED_AUTOS = YES_AGGRESSIVE;
				GCC_WARN_UNUSED_FUNCTION = YES;
				GCC_WARN_UNUSED_VARIABLE = YES;
				IPHONEOS_DEPLOYMENT_TARGET = 13.2;
				MTL_ENABLE_DEBUG_INFO = INCLUDE_SOURCE;
				MTL_FAST_MATH = YES;
				ONLY_ACTIVE_ARCH = YES;
				SDKROOT = iphoneos;
				SWIFT_ACTIVE_COMPILATION_CONDITIONS = DEBUG;
				SWIFT_OPTIMIZATION_LEVEL = "-Onone";
			};
			name = Debug;
		};
		DDD45A8024D9F4D20022F174 /* Release */ = {
			isa = XCBuildConfiguration;
			buildSettings = {
				ALWAYS_SEARCH_USER_PATHS = NO;
				CLANG_ANALYZER_NONNULL = YES;
				CLANG_ANALYZER_NUMBER_OBJECT_CONVERSION = YES_AGGRESSIVE;
				CLANG_CXX_LANGUAGE_STANDARD = "gnu++14";
				CLANG_CXX_LIBRARY = "libc++";
				CLANG_ENABLE_MODULES = YES;
				CLANG_ENABLE_OBJC_ARC = YES;
				CLANG_ENABLE_OBJC_WEAK = YES;
				CLANG_WARN_BLOCK_CAPTURE_AUTORELEASING = YES;
				CLANG_WARN_BOOL_CONVERSION = YES;
				CLANG_WARN_COMMA = YES;
				CLANG_WARN_CONSTANT_CONVERSION = YES;
				CLANG_WARN_DEPRECATED_OBJC_IMPLEMENTATIONS = YES;
				CLANG_WARN_DIRECT_OBJC_ISA_USAGE = YES_ERROR;
				CLANG_WARN_DOCUMENTATION_COMMENTS = YES;
				CLANG_WARN_EMPTY_BODY = YES;
				CLANG_WARN_ENUM_CONVERSION = YES;
				CLANG_WARN_INFINITE_RECURSION = YES;
				CLANG_WARN_INT_CONVERSION = YES;
				CLANG_WARN_NON_LITERAL_NULL_CONVERSION = YES;
				CLANG_WARN_OBJC_IMPLICIT_RETAIN_SELF = YES;
				CLANG_WARN_OBJC_LITERAL_CONVERSION = YES;
				CLANG_WARN_OBJC_ROOT_CLASS = YES_ERROR;
				CLANG_WARN_RANGE_LOOP_ANALYSIS = YES;
				CLANG_WARN_STRICT_PROTOTYPES = YES;
				CLANG_WARN_SUSPICIOUS_MOVE = YES;
				CLANG_WARN_UNGUARDED_AVAILABILITY = YES_AGGRESSIVE;
				CLANG_WARN_UNREACHABLE_CODE = YES;
				CLANG_WARN__DUPLICATE_METHOD_MATCH = YES;
				COPY_PHASE_STRIP = NO;
				DEBUG_INFORMATION_FORMAT = "dwarf-with-dsym";
				ENABLE_NS_ASSERTIONS = NO;
				ENABLE_STRICT_OBJC_MSGSEND = YES;
				GCC_C_LANGUAGE_STANDARD = gnu11;
				GCC_NO_COMMON_BLOCKS = YES;
				GCC_WARN_64_TO_32_BIT_CONVERSION = YES;
				GCC_WARN_ABOUT_RETURN_TYPE = YES_ERROR;
				GCC_WARN_UNDECLARED_SELECTOR = YES;
				GCC_WARN_UNINITIALIZED_AUTOS = YES_AGGRESSIVE;
				GCC_WARN_UNUSED_FUNCTION = YES;
				GCC_WARN_UNUSED_VARIABLE = YES;
				IPHONEOS_DEPLOYMENT_TARGET = 13.2;
				MTL_ENABLE_DEBUG_INFO = NO;
				MTL_FAST_MATH = YES;
				SDKROOT = iphoneos;
				SWIFT_COMPILATION_MODE = wholemodule;
				SWIFT_OPTIMIZATION_LEVEL = "-O";
				VALIDATE_PRODUCT = YES;
			};
			name = Release;
		};
		DDD45A8224D9F4D20022F174 /* Debug */ = {
			isa = XCBuildConfiguration;
			buildSettings = {
				ASSETCATALOG_COMPILER_APPICON_NAME = AppIcon;
				CODE_SIGN_STYLE = Automatic;
				DEVELOPMENT_TEAM = Q4S9YC3845;
				INFOPLIST_FILE = "Infosys-MachineTest/Info.plist";
				LD_RUNPATH_SEARCH_PATHS = (
					"$(inherited)",
					"@executable_path/Frameworks",
				);
				PRODUCT_BUNDLE_IDENTIFIER = "Augment-Deck-Technologies.Infosys-MachineTest";
				PRODUCT_NAME = "$(TARGET_NAME)";
				SWIFT_VERSION = 5.0;
				TARGETED_DEVICE_FAMILY = "1,2";
			};
			name = Debug;
		};
		DDD45A8324D9F4D20022F174 /* Release */ = {
			isa = XCBuildConfiguration;
			buildSettings = {
				ASSETCATALOG_COMPILER_APPICON_NAME = AppIcon;
				CODE_SIGN_STYLE = Automatic;
				DEVELOPMENT_TEAM = Q4S9YC3845;
				INFOPLIST_FILE = "Infosys-MachineTest/Info.plist";
				LD_RUNPATH_SEARCH_PATHS = (
					"$(inherited)",
					"@executable_path/Frameworks",
				);
				PRODUCT_BUNDLE_IDENTIFIER = "Augment-Deck-Technologies.Infosys-MachineTest";
				PRODUCT_NAME = "$(TARGET_NAME)";
				SWIFT_VERSION = 5.0;
				TARGETED_DEVICE_FAMILY = "1,2";
			};
			name = Release;
		};
		DDD45A8524D9F4D20022F174 /* Debug */ = {
			isa = XCBuildConfiguration;
			buildSettings = {
				ALWAYS_EMBED_SWIFT_STANDARD_LIBRARIES = YES;
				BUNDLE_LOADER = "$(TEST_HOST)";
				CODE_SIGN_STYLE = Automatic;
				DEVELOPMENT_TEAM = Q4S9YC3845;
				INFOPLIST_FILE = "Infosys-MachineTestTests/Info.plist";
				IPHONEOS_DEPLOYMENT_TARGET = 13.2;
				LD_RUNPATH_SEARCH_PATHS = (
					"$(inherited)",
					"@executable_path/Frameworks",
					"@loader_path/Frameworks",
				);
				PRODUCT_BUNDLE_IDENTIFIER = "Augment-Deck-Technologies.Infosys-MachineTestTests";
				PRODUCT_NAME = "$(TARGET_NAME)";
				SWIFT_VERSION = 5.0;
				TARGETED_DEVICE_FAMILY = "1,2";
				TEST_HOST = "$(BUILT_PRODUCTS_DIR)/Infosys-MachineTest.app/Infosys-MachineTest";
			};
			name = Debug;
		};
		DDD45A8624D9F4D20022F174 /* Release */ = {
			isa = XCBuildConfiguration;
			buildSettings = {
				ALWAYS_EMBED_SWIFT_STANDARD_LIBRARIES = YES;
				BUNDLE_LOADER = "$(TEST_HOST)";
				CODE_SIGN_STYLE = Automatic;
				DEVELOPMENT_TEAM = Q4S9YC3845;
				INFOPLIST_FILE = "Infosys-MachineTestTests/Info.plist";
				IPHONEOS_DEPLOYMENT_TARGET = 13.2;
				LD_RUNPATH_SEARCH_PATHS = (
					"$(inherited)",
					"@executable_path/Frameworks",
					"@loader_path/Frameworks",
				);
				PRODUCT_BUNDLE_IDENTIFIER = "Augment-Deck-Technologies.Infosys-MachineTestTests";
				PRODUCT_NAME = "$(TARGET_NAME)";
				SWIFT_VERSION = 5.0;
				TARGETED_DEVICE_FAMILY = "1,2";
				TEST_HOST = "$(BUILT_PRODUCTS_DIR)/Infosys-MachineTest.app/Infosys-MachineTest";
			};
			name = Release;
		};
		DDD45A8824D9F4D20022F174 /* Debug */ = {
			isa = XCBuildConfiguration;
			buildSettings = {
				ALWAYS_EMBED_SWIFT_STANDARD_LIBRARIES = YES;
				CODE_SIGN_STYLE = Automatic;
				DEVELOPMENT_TEAM = Q4S9YC3845;
				INFOPLIST_FILE = "Infosys-MachineTestUITests/Info.plist";
				LD_RUNPATH_SEARCH_PATHS = (
					"$(inherited)",
					"@executable_path/Frameworks",
					"@loader_path/Frameworks",
				);
				PRODUCT_BUNDLE_IDENTIFIER = "Augment-Deck-Technologies.Infosys-MachineTestUITests";
				PRODUCT_NAME = "$(TARGET_NAME)";
				SWIFT_VERSION = 5.0;
				TARGETED_DEVICE_FAMILY = "1,2";
				TEST_TARGET_NAME = "Infosys-MachineTest";
			};
			name = Debug;
		};
		DDD45A8924D9F4D20022F174 /* Release */ = {
			isa = XCBuildConfiguration;
			buildSettings = {
				ALWAYS_EMBED_SWIFT_STANDARD_LIBRARIES = YES;
				CODE_SIGN_STYLE = Automatic;
				DEVELOPMENT_TEAM = Q4S9YC3845;
				INFOPLIST_FILE = "Infosys-MachineTestUITests/Info.plist";
				LD_RUNPATH_SEARCH_PATHS = (
					"$(inherited)",
					"@executable_path/Frameworks",
					"@loader_path/Frameworks",
				);
				PRODUCT_BUNDLE_IDENTIFIER = "Augment-Deck-Technologies.Infosys-MachineTestUITests";
				PRODUCT_NAME = "$(TARGET_NAME)";
				SWIFT_VERSION = 5.0;
				TARGETED_DEVICE_FAMILY = "1,2";
				TEST_TARGET_NAME = "Infosys-MachineTest";
			};
			name = Release;
		};
/* End XCBuildConfiguration section */

/* Begin XCConfigurationList section */
		DDD45A5224D9F4CF0022F174 /* Build configuration list for PBXProject "Infosys-MachineTest" */ = {
			isa = XCConfigurationList;
			buildConfigurations = (
				DDD45A7F24D9F4D20022F174 /* Debug */,
				DDD45A8024D9F4D20022F174 /* Release */,
			);
			defaultConfigurationIsVisible = 0;
			defaultConfigurationName = Release;
		};
		DDD45A8124D9F4D20022F174 /* Build configuration list for PBXNativeTarget "Infosys-MachineTest" */ = {
			isa = XCConfigurationList;
			buildConfigurations = (
				DDD45A8224D9F4D20022F174 /* Debug */,
				DDD45A8324D9F4D20022F174 /* Release */,
			);
			defaultConfigurationIsVisible = 0;
			defaultConfigurationName = Release;
		};
		DDD45A8424D9F4D20022F174 /* Build configuration list for PBXNativeTarget "Infosys-MachineTestTests" */ = {
			isa = XCConfigurationList;
			buildConfigurations = (
				DDD45A8524D9F4D20022F174 /* Debug */,
				DDD45A8624D9F4D20022F174 /* Release */,
			);
			defaultConfigurationIsVisible = 0;
			defaultConfigurationName = Release;
		};
		DDD45A8724D9F4D20022F174 /* Build configuration list for PBXNativeTarget "Infosys-MachineTestUITests" */ = {
			isa = XCConfigurationList;
			buildConfigurations = (
				DDD45A8824D9F4D20022F174 /* Debug */,
				DDD45A8924D9F4D20022F174 /* Release */,
			);
			defaultConfigurationIsVisible = 0;
			defaultConfigurationName = Release;
		};
/* End XCConfigurationList section */
	};
	rootObject = DDD45A4F24D9F4CF0022F174 /* Project object */;
}
